
Microsoft Visual Studio Solution File, Format Version 12.00
# Visual Studio Version 16
VisualStudioVersion = 16.0.28729.10
MinimumVisualStudioVersion = 10.0.40219.1
Project("{9A19103F-16F7-4668-BE54-9A1E7A4F7556}") = "Administration.WebAPI", "Administration.WebAPI\Administration.WebAPI.csproj", "{9FFFD41A-F5A8-487D-9979-BCAE9F585471}"
EndProject
Project("{FAE04EC0-301F-11D3-BF4B-00C04F79EFBC}") = "Administration.DataAccess", "Administration.DataAccess\Administration.DataAccess.csproj", "{7DFEFF5F-D0F5-4246-A497-44D8EF514308}"
EndProject
Project("{FAE04EC0-301F-11D3-BF4B-00C04F79EFBC}") = "Administration.Domena", "Administration.Domena\Administration.Domena.csproj", "{B98A8FDD-40CE-4934-8C75-32A8AF4F9A70}"
EndProject
Global
	GlobalSection(SolutionConfigurationPlatforms) = preSolution
		Debug|Any CPU = Debug|Any CPU
		Release|Any CPU = Release|Any CPU
	EndGlobalSection
	GlobalSection(ProjectConfigurationPlatforms) = postSolution
		{9FFFD41A-F5A8-487D-9979-BCAE9F585471}.Debug|Any CPU.ActiveCfg = Debug|Any CPU
		{9FFFD41A-F5A8-487D-9979-BCAE9F585471}.Debug|Any CPU.Build.0 = Debug|Any CPU
		{9FFFD41A-F5A8-487D-9979-BCAE9F585471}.Release|Any CPU.ActiveCfg = Release|Any CPU
		{9FFFD41A-F5A8-487D-9979-BCAE9F585471}.Release|Any CPU.Build.0 = Release|Any CPU
		{7DFEFF5F-D0F5-4246-A497-44D8EF514308}.Debug|Any CPU.ActiveCfg = Debug|Any CPU
		{7DFEFF5F-D0F5-4246-A497-44D8EF514308}.Debug|Any CPU.Build.0 = Debug|Any CPU
		{7DFEFF5F-D0F5-4246-A497-44D8EF514308}.Release|Any CPU.ActiveCfg = Release|Any CPU
		{7DFEFF5F-D0F5-4246-A497-44D8EF514308}.Release|Any CPU.Build.0 = Release|Any CPU
		{B98A8FDD-40CE-4934-8C75-32A8AF4F9A70}.Debug|Any CPU.ActiveCfg = Debug|Any CPU
		{B98A8FDD-40CE-4934-8C75-32A8AF4F9A70}.Debug|Any CPU.Build.0 = Debug|Any CPU
		{B98A8FDD-40CE-4934-8C75-32A8AF4F9A70}.Release|Any CPU.ActiveCfg = Release|Any CPU
		{B98A8FDD-40CE-4934-8C75-32A8AF4F9A70}.Release|Any CPU.Build.0 = Release|Any CPU
	EndGlobalSection
	GlobalSection(SolutionProperties) = preSolution
		HideSolutionNode = FALSE
	EndGlobalSection
	GlobalSection(ExtensibilityGlobals) = postSolution
		SolutionGuid = {4881BCDC-4A96-4C94-B663-C06E7D407D8D}
	EndGlobalSection
EndGlobal
